
Microsoft Visual Studio Solution File, Format Version 12.00
Project("{FAE04EC0-301F-11D3-BF4B-00C04F79EFBC}") = "DotLogs", "src\DotLogs.csproj", "{8A776404-BD84-4137-8950-9A3840311563}"
EndProject
Project("{FAE04EC0-301F-11D3-BF4B-00C04F79EFBC}") = "DotLogs.Tests", "tests\DotLogs.Tests\DotLogs.Tests.csproj", "{88E73100-A92A-47C9-89E0-E11FB985993E}"
EndProject
Global
	GlobalSection(SolutionConfigurationPlatforms) = preSolution
		Debug|Any CPU = Debug|Any CPU
		Release|Any CPU = Release|Any CPU
	EndGlobalSection
	GlobalSection(ProjectConfigurationPlatforms) = postSolution
		{8A776404-BD84-4137-8950-9A3840311563}.Debug|Any CPU.ActiveCfg = Debug|Any CPU
		{8A776404-BD84-4137-8950-9A3840311563}.Debug|Any CPU.Build.0 = Debug|Any CPU
		{8A776404-BD84-4137-8950-9A3840311563}.Release|Any CPU.ActiveCfg = Release|Any CPU
		{8A776404-BD84-4137-8950-9A3840311563}.Release|Any CPU.Build.0 = Release|Any CPU
		{88E73100-A92A-47C9-89E0-E11FB985993E}.Debug|Any CPU.ActiveCfg = Debug|Any CPU
		{88E73100-A92A-47C9-89E0-E11FB985993E}.Debug|Any CPU.Build.0 = Debug|Any CPU
		{88E73100-A92A-47C9-89E0-E11FB985993E}.Release|Any CPU.ActiveCfg = Release|Any CPU
		{88E73100-A92A-47C9-89E0-E11FB985993E}.Release|Any CPU.Build.0 = Release|Any CPU
	EndGlobalSection
EndGlobal
